
Microsoft Visual Studio Solution File, Format Version 12.00
# Visual Studio 15
VisualStudioVersion = 15.0.28307.421
MinimumVisualStudioVersion = 10.0.40219.1
Project("{8BC9CEB8-8B4A-11D0-8D11-00A0C91BC942}") = "GROK_Explorations", "GROK_Explorations.vcxproj", "{CB4555DF-C813-48F1-815E-661BCC1AD42E}"
EndProject
Project("{8BC9CEB8-8B4A-11D0-8D11-00A0C91BC942}") = "GROK_Client", "..\GROK_Client\GROK_Client.vcxproj", "{F8D5B345-DE62-4E10-AC89-315924AD6EB0}"
EndProject
Global
	GlobalSection(SolutionConfigurationPlatforms) = preSolution
		Debug|ARM = Debug|ARM
		Debug|ARM64 = Debug|ARM64
		Debug|x64 = Debug|x64
		Debug|x86 = Debug|x86
		Release|ARM = Release|ARM
		Release|ARM64 = Release|ARM64
		Release|x64 = Release|x64
		Release|x86 = Release|x86
	EndGlobalSection
	GlobalSection(ProjectConfigurationPlatforms) = postSolution
		{CB4555DF-C813-48F1-815E-661BCC1AD42E}.Debug|ARM.ActiveCfg = Debug|ARM
		{CB4555DF-C813-48F1-815E-661BCC1AD42E}.Debug|ARM.Build.0 = Debug|ARM
		{CB4555DF-C813-48F1-815E-661BCC1AD42E}.Debug|ARM.Deploy.0 = Debug|ARM
		{CB4555DF-C813-48F1-815E-661BCC1AD42E}.Debug|ARM64.ActiveCfg = Debug|ARM64
		{CB4555DF-C813-48F1-815E-661BCC1AD42E}.Debug|ARM64.Build.0 = Debug|ARM64
		{CB4555DF-C813-48F1-815E-661BCC1AD42E}.Debug|ARM64.Deploy.0 = Debug|ARM64
		{CB4555DF-C813-48F1-815E-661BCC1AD42E}.Debug|x64.ActiveCfg = Debug|x64
		{CB4555DF-C813-48F1-815E-661BCC1AD42E}.Debug|x64.Build.0 = Debug|x64
		{CB4555DF-C813-48F1-815E-661BCC1AD42E}.Debug|x64.Deploy.0 = Debug|x64
		{CB4555DF-C813-48F1-815E-661BCC1AD42E}.Debug|x86.ActiveCfg = Debug|Win32
		{CB4555DF-C813-48F1-815E-661BCC1AD42E}.Debug|x86.Build.0 = Debug|Win32
		{CB4555DF-C813-48F1-815E-661BCC1AD42E}.Debug|x86.Deploy.0 = Debug|Win32
		{CB4555DF-C813-48F1-815E-661BCC1AD42E}.Release|ARM.ActiveCfg = Release|ARM
		{CB4555DF-C813-48F1-815E-661BCC1AD42E}.Release|ARM.Build.0 = Release|ARM
		{CB4555DF-C813-48F1-815E-661BCC1AD42E}.Release|ARM.Deploy.0 = Release|ARM
		{CB4555DF-C813-48F1-815E-661BCC1AD42E}.Release|ARM64.ActiveCfg = Release|ARM64
		{CB4555DF-C813-48F1-815E-661BCC1AD42E}.Release|ARM64.Build.0 = Release|ARM64
		{CB4555DF-C813-48F1-815E-661BCC1AD42E}.Release|ARM64.Deploy.0 = Release|ARM64
		{CB4555DF-C813-48F1-815E-661BCC1AD42E}.Release|x64.ActiveCfg = Release|x64
		{CB4555DF-C813-48F1-815E-661BCC1AD42E}.Release|x64.Build.0 = Release|x64
		{CB4555DF-C813-48F1-815E-661BCC1AD42E}.Release|x64.Deploy.0 = Release|x64
		{CB4555DF-C813-48F1-815E-661BCC1AD42E}.Release|x86.ActiveCfg = Release|Win32
		{CB4555DF-C813-48F1-815E-661BCC1AD42E}.Release|x86.Build.0 = Release|Win32
		{CB4555DF-C813-48F1-815E-661BCC1AD42E}.Release|x86.Deploy.0 = Release|Win32
		{F8D5B345-DE62-4E10-AC89-315924AD6EB0}.Debug|ARM.ActiveCfg = Debug|Win32
		{F8D5B345-DE62-4E10-AC89-315924AD6EB0}.Debug|ARM64.ActiveCfg = Debug|Win32
		{F8D5B345-DE62-4E10-AC89-315924AD6EB0}.Debug|x64.ActiveCfg = Debug|x64
		{F8D5B345-DE62-4E10-AC89-315924AD6EB0}.Debug|x64.Build.0 = Debug|x64
		{F8D5B345-DE62-4E10-AC89-315924AD6EB0}.Debug|x86.ActiveCfg = Debug|Win32
		{F8D5B345-DE62-4E10-AC89-315924AD6EB0}.Debug|x86.Build.0 = Debug|Win32
		{F8D5B345-DE62-4E10-AC89-315924AD6EB0}.Release|ARM.ActiveCfg = Release|Win32
		{F8D5B345-DE62-4E10-AC89-315924AD6EB0}.Release|ARM64.ActiveCfg = Release|Win32
		{F8D5B345-DE62-4E10-AC89-315924AD6EB0}.Release|x64.ActiveCfg = Release|x64
		{F8D5B345-DE62-4E10-AC89-315924AD6EB0}.Release|x64.Build.0 = Release|x64
		{F8D5B345-DE62-4E10-AC89-315924AD6EB0}.Release|x86.ActiveCfg = Release|Win32
		{F8D5B345-DE62-4E10-AC89-315924AD6EB0}.Release|x86.Build.0 = Release|Win32
	EndGlobalSection
	GlobalSection(SolutionProperties) = preSolution
		HideSolutionNode = FALSE
	EndGlobalSection
	GlobalSection(ExtensibilityGlobals) = postSolution
		SolutionGuid = {ECE21AD0-B27B-4E2F-BFD7-A9605ACA5972}
	EndGlobalSection
EndGlobal
